
Microsoft Visual Studio Solution File, Format Version 12.00
# Visual Studio Version 16
VisualStudioVersion = 16.0.30413.136
MinimumVisualStudioVersion = 10.0.40219.1
Project("{9A19103F-16F7-4668-BE54-9A1E7A4F7556}") = "CSISD_Toll_Operator_Assignment", "CSISD_Toll_Operator_Assignment\CSISD_Toll_Operator_Assignment.csproj", "{CEC838FF-5FC6-4339-B29D-5B53CE9D8B41}"
EndProject
Project("{9A19103F-16F7-4668-BE54-9A1E7A4F7556}") = "CSISD_Toll_Operator_Assignment.UnitTests", "CSISD_Toll_Operator_Assignment.UnitTests\CSISD_Toll_Operator_Assignment.UnitTests.csproj", "{8C825092-CEC4-4321-BA13-1A362EC52CBE}"
EndProject
Project("{FAE04EC0-301F-11D3-BF4B-00C04F79EFBC}") = "ResourceTranslator", "ResourceTranslator\ResourceTranslator.csproj", "{414BCDBA-A875-4E43-ABAB-B75378094A6C}"
EndProject
Global
	GlobalSection(SolutionConfigurationPlatforms) = preSolution
		Debug|Any CPU = Debug|Any CPU
		Release|Any CPU = Release|Any CPU
	EndGlobalSection
	GlobalSection(ProjectConfigurationPlatforms) = postSolution
		{CEC838FF-5FC6-4339-B29D-5B53CE9D8B41}.Debug|Any CPU.ActiveCfg = Debug|Any CPU
		{CEC838FF-5FC6-4339-B29D-5B53CE9D8B41}.Debug|Any CPU.Build.0 = Debug|Any CPU
		{CEC838FF-5FC6-4339-B29D-5B53CE9D8B41}.Release|Any CPU.ActiveCfg = Release|Any CPU
		{CEC838FF-5FC6-4339-B29D-5B53CE9D8B41}.Release|Any CPU.Build.0 = Release|Any CPU
		{8C825092-CEC4-4321-BA13-1A362EC52CBE}.Debug|Any CPU.ActiveCfg = Debug|Any CPU
		{8C825092-CEC4-4321-BA13-1A362EC52CBE}.Debug|Any CPU.Build.0 = Debug|Any CPU
		{8C825092-CEC4-4321-BA13-1A362EC52CBE}.Release|Any CPU.ActiveCfg = Release|Any CPU
		{8C825092-CEC4-4321-BA13-1A362EC52CBE}.Release|Any CPU.Build.0 = Release|Any CPU
		{414BCDBA-A875-4E43-ABAB-B75378094A6C}.Debug|Any CPU.ActiveCfg = Debug|Any CPU
		{414BCDBA-A875-4E43-ABAB-B75378094A6C}.Debug|Any CPU.Build.0 = Debug|Any CPU
		{414BCDBA-A875-4E43-ABAB-B75378094A6C}.Release|Any CPU.ActiveCfg = Release|Any CPU
		{414BCDBA-A875-4E43-ABAB-B75378094A6C}.Release|Any CPU.Build.0 = Release|Any CPU
	EndGlobalSection
	GlobalSection(SolutionProperties) = preSolution
		HideSolutionNode = FALSE
	EndGlobalSection
	GlobalSection(ExtensibilityGlobals) = postSolution
		SolutionGuid = {5AA8733D-C37C-4BD0-91C5-FE91C13FFA6B}
	EndGlobalSection
EndGlobal
