
Microsoft Visual Studio Solution File, Format Version 12.00
# Visual Studio Version 16
VisualStudioVersion = 16.0.29509.3
MinimumVisualStudioVersion = 10.0.40219.1
Project("{9A19103F-16F7-4668-BE54-9A1E7A4F7556}") = "CSISD-Tolling-System", "CSISD-Tolling-System\CSISD-Tolling-System.csproj", "{8190A939-120E-4C7F-A269-0F98692EB486}"
EndProject
Project("{9A19103F-16F7-4668-BE54-9A1E7A4F7556}") = "CSISD-Tolling-System.UnitTests", "CSISD-Tolling-System.UnitTests\CSISD-Tolling-System.UnitTests.csproj", "{2E7F10D6-9755-4C42-9F5F-C8F62D6132A3}"
EndProject
Global
	GlobalSection(SolutionConfigurationPlatforms) = preSolution
		Debug|Any CPU = Debug|Any CPU
		Release|Any CPU = Release|Any CPU
	EndGlobalSection
	GlobalSection(ProjectConfigurationPlatforms) = postSolution
		{8190A939-120E-4C7F-A269-0F98692EB486}.Debug|Any CPU.ActiveCfg = Debug|Any CPU
		{8190A939-120E-4C7F-A269-0F98692EB486}.Debug|Any CPU.Build.0 = Debug|Any CPU
		{8190A939-120E-4C7F-A269-0F98692EB486}.Release|Any CPU.ActiveCfg = Release|Any CPU
		{8190A939-120E-4C7F-A269-0F98692EB486}.Release|Any CPU.Build.0 = Release|Any CPU
		{2E7F10D6-9755-4C42-9F5F-C8F62D6132A3}.Debug|Any CPU.ActiveCfg = Debug|Any CPU
		{2E7F10D6-9755-4C42-9F5F-C8F62D6132A3}.Debug|Any CPU.Build.0 = Debug|Any CPU
		{2E7F10D6-9755-4C42-9F5F-C8F62D6132A3}.Release|Any CPU.ActiveCfg = Release|Any CPU
		{2E7F10D6-9755-4C42-9F5F-C8F62D6132A3}.Release|Any CPU.Build.0 = Release|Any CPU
	EndGlobalSection
	GlobalSection(SolutionProperties) = preSolution
		HideSolutionNode = FALSE
	EndGlobalSection
	GlobalSection(ExtensibilityGlobals) = postSolution
		SolutionGuid = {AB0F2F88-BBE8-4DE1-A05A-012E80C46A0B}
	EndGlobalSection
EndGlobal
